
Microsoft Visual Studio Solution File, Format Version 12.00
# Visual Studio Version 16
VisualStudioVersion = 16.0.30907.101
MinimumVisualStudioVersion = 10.0.40219.1
Project("{9A19103F-16F7-4668-BE54-9A1E7A4F7556}") = "CalculatorCore", "CalculatorCore\CalculatorCore.csproj", "{2DFFA2BF-A2F8-47BE-A2C2-A067125C1B5A}"
EndProject
Project("{9A19103F-16F7-4668-BE54-9A1E7A4F7556}") = "Calculator.Test.Unit", "Calculator.Test.Unit\Calculator.Test.Unit.csproj", "{D467022B-FCA1-470C-A046-5AE069C4AD3C}"
EndProject
Global
	GlobalSection(SolutionConfigurationPlatforms) = preSolution
		Debug|Any CPU = Debug|Any CPU
		Release|Any CPU = Release|Any CPU
	EndGlobalSection
	GlobalSection(ProjectConfigurationPlatforms) = postSolution
		{2DFFA2BF-A2F8-47BE-A2C2-A067125C1B5A}.Debug|Any CPU.ActiveCfg = Debug|Any CPU
		{2DFFA2BF-A2F8-47BE-A2C2-A067125C1B5A}.Debug|Any CPU.Build.0 = Debug|Any CPU
		{2DFFA2BF-A2F8-47BE-A2C2-A067125C1B5A}.Release|Any CPU.ActiveCfg = Release|Any CPU
		{2DFFA2BF-A2F8-47BE-A2C2-A067125C1B5A}.Release|Any CPU.Build.0 = Release|Any CPU
		{D467022B-FCA1-470C-A046-5AE069C4AD3C}.Debug|Any CPU.ActiveCfg = Debug|Any CPU
		{D467022B-FCA1-470C-A046-5AE069C4AD3C}.Debug|Any CPU.Build.0 = Debug|Any CPU
		{D467022B-FCA1-470C-A046-5AE069C4AD3C}.Release|Any CPU.ActiveCfg = Release|Any CPU
		{D467022B-FCA1-470C-A046-5AE069C4AD3C}.Release|Any CPU.Build.0 = Release|Any CPU
	EndGlobalSection
	GlobalSection(SolutionProperties) = preSolution
		HideSolutionNode = FALSE
	EndGlobalSection
	GlobalSection(ExtensibilityGlobals) = postSolution
		SolutionGuid = {BCFB20B8-1F39-40FA-BAFB-FF331AA7639D}
	EndGlobalSection
EndGlobal
